
Microsoft Visual Studio Solution File, Format Version 12.00
# Visual Studio Version 17
VisualStudioVersion = 17.1.32328.378
MinimumVisualStudioVersion = 10.0.40219.1
Project("{FAE04EC0-301F-11D3-BF4B-00C04F79EFBC}") = "testfullstack", "testfullstack\testfullstack.csproj", "{5F3E4032-FAEF-46DD-A97D-D7708FAD254F}"
EndProject
Global
	GlobalSection(SolutionConfigurationPlatforms) = preSolution
		Debug|Any CPU = Debug|Any CPU
		Release|Any CPU = Release|Any CPU
	EndGlobalSection
	GlobalSection(ProjectConfigurationPlatforms) = postSolution
		{5F3E4032-FAEF-46DD-A97D-D7708FAD254F}.Debug|Any CPU.ActiveCfg = Debug|Any CPU
		{5F3E4032-FAEF-46DD-A97D-D7708FAD254F}.Debug|Any CPU.Build.0 = Debug|Any CPU
		{5F3E4032-FAEF-46DD-A97D-D7708FAD254F}.Release|Any CPU.ActiveCfg = Release|Any CPU
		{5F3E4032-FAEF-46DD-A97D-D7708FAD254F}.Release|Any CPU.Build.0 = Release|Any CPU
	EndGlobalSection
	GlobalSection(SolutionProperties) = preSolution
		HideSolutionNode = FALSE
	EndGlobalSection
	GlobalSection(ExtensibilityGlobals) = postSolution
		SolutionGuid = {73A8C5A6-2BFD-436F-92CB-955F8CEBBCD6}
	EndGlobalSection
EndGlobal
